// !$*UTF8*$!
{
	archiveVersion = 1;
	classes = {
	};
	objectVersion = 47;
	objects = {

/* Begin PBXBuildFile section */
		DEFA785626535B7B003DAAEA /* AppDelegate.m in Sources */ = {isa = PBXBuildFile; fileRef = DEFA785526535B7B003DAAEA /* AppDelegate.m */; };
		DEFA785926535B7B003DAAEA /* SceneDelegate.m in Sources */ = {isa = PBXBuildFile; fileRef = DEFA785826535B7B003DAAEA /* SceneDelegate.m */; };
		DEFA785C26535B7B003DAAEA /* FirstViewController.m in Sources */ = {isa = PBXBuildFile; fileRef = DEFA785B26535B7B003DAAEA /* FirstViewController.m */; };
		DEFA785F26535B7B003DAAEA /* SecondViewController.m in Sources */ = {isa = PBXBuildFile; fileRef = DEFA785E26535B7B003DAAEA /* SecondViewController.m */; };
		DEFA786226535B7B003DAAEA /* Main.storyboard in Resources */ = {isa = PBXBuildFile; fileRef = DEFA786026535B7B003DAAEA /* Main.storyboard */; };
		DEFA786426535B7F003DAAEA /* Assets.xcassets in Resources */ = {isa = PBXBuildFile; fileRef = DEFA786326535B7F003DAAEA /* Assets.xcassets */; };
		DEFA786726535B7F003DAAEA /* LaunchScreen.storyboard in Resources */ = {isa = PBXBuildFile; fileRef = DEFA786526535B7F003DAAEA /* LaunchScreen.storyboard */; };
		DEFA786A26535B7F003DAAEA /* main.m in Sources */ = {isa = PBXBuildFile; fileRef = DEFA786926535B7F003DAAEA /* main.m */; };
/* End PBXBuildFile section */

/* Begin PBXFileReference section */
		DEFA785126535B7B003DAAEA /* Kujirai.app */ = {isa = PBXFileReference; explicitFileType = wrapper.application; includeInIndex = 0; path = Kujirai.app; sourceTree = BUILT_PRODUCTS_DIR; };
		DEFA785426535B7B003DAAEA /* AppDelegate.h */ = {isa = PBXFileReference; lastKnownFileType = sourcecode.c.h; path = AppDelegate.h; sourceTree = "<group>"; };
		DEFA785526535B7B003DAAEA /* AppDelegate.m */ = {isa = PBXFileReference; lastKnownFileType = sourcecode.c.objc; path = AppDelegate.m; sourceTree = "<group>"; };
		DEFA785726535B7B003DAAEA /* SceneDelegate.h */ = {isa = PBXFileReference; lastKnownFileType = sourcecode.c.h; path = SceneDelegate.h; sourceTree = "<group>"; };
		DEFA785826535B7B003DAAEA /* SceneDelegate.m */ = {isa = PBXFileReference; lastKnownFileType = sourcecode.c.objc; path = SceneDelegate.m; sourceTree = "<group>"; };
		DEFA785A26535B7B003DAAEA /* FirstViewController.h */ = {isa = PBXFileReference; lastKnownFileType = sourcecode.c.h; path = FirstViewController.h; sourceTree = "<group>"; };
		DEFA785B26535B7B003DAAEA /* FirstViewController.m */ = {isa = PBXFileReference; lastKnownFileType = sourcecode.c.objc; path = FirstViewController.m; sourceTree = "<group>"; };
		DEFA785D26535B7B003DAAEA /* SecondViewController.h */ = {isa = PBXFileReference; lastKnownFileType = sourcecode.c.h; path = SecondViewController.h; sourceTree = "<group>"; };
		DEFA785E26535B7B003DAAEA /* SecondViewController.m */ = {isa = PBXFileReference; lastKnownFileType = sourcecode.c.objc; path = SecondViewController.m; sourceTree = "<group>"; };
		DEFA786126535B7B003DAAEA /* Base */ = {isa = PBXFileReference; lastKnownFileType = file.storyboard; name = Base; path = Base.lproj/Main.storyboard; sourceTree = "<group>"; };
		DEFA786326535B7F003DAAEA /* Assets.xcassets */ = {isa = PBXFileReference; lastKnownFileType = folder.assetcatalog; path = Assets.xcassets; sourceTree = "<group>"; };
		DEFA786626535B7F003DAAEA /* Base */ = {isa = PBXFileReference; lastKnownFileType = file.storyboard; name = Base; path = Base.lproj/LaunchScreen.storyboard; sourceTree = "<group>"; };
		DEFA786826535B7F003DAAEA /* Info.plist */ = {isa = PBXFileReference; lastKnownFileType = text.plist.xml; path = Info.plist; sourceTree = "<group>"; };
		DEFA786926535B7F003DAAEA /* main.m */ = {isa = PBXFileReference; lastKnownFileType = sourcecode.c.objc; path = main.m; sourceTree = "<group>"; };
/* End PBXFileReference section */

/* Begin PBXFrameworksBuildPhase section */
		DEFA784E26535B7B003DAAEA /* Frameworks */ = {
			isa = PBXFrameworksBuildPhase;
			buildActionMask = 2147483647;
			files = (
			);
			runOnlyForDeploymentPostprocessing = 0;
		};
/* End PBXFrameworksBuildPhase section */

/* Begin PBXGroup section */
		DEFA784826535B7B003DAAEA = {
			isa = PBXGroup;
			children = (
				DEFA785326535B7B003DAAEA /* Kujirai */,
				DEFA785226535B7B003DAAEA /* Products */,
			);
			sourceTree = "<group>";
		};
		DEFA785226535B7B003DAAEA /* Products */ = {
			isa = PBXGroup;
			children = (
				DEFA785126535B7B003DAAEA /* Kujirai.app */,
			);
			name = Products;
			sourceTree = "<group>";
		};
		DEFA785326535B7B003DAAEA /* Kujirai */ = {
			isa = PBXGroup;
			children = (
				DEFA785426535B7B003DAAEA /* AppDelegate.h */,
				DEFA785526535B7B003DAAEA /* AppDelegate.m */,
				DEFA785726535B7B003DAAEA /* SceneDelegate.h */,
				DEFA785826535B7B003DAAEA /* SceneDelegate.m */,
				DEFA785A26535B7B003DAAEA /* FirstViewController.h */,
				DEFA785B26535B7B003DAAEA /* FirstViewController.m */,
				DEFA785D26535B7B003DAAEA /* SecondViewController.h */,
				DEFA785E26535B7B003DAAEA /* SecondViewController.m */,
				DEFA786026535B7B003DAAEA /* Main.storyboard */,
				DEFA786326535B7F003DAAEA /* Assets.xcassets */,
				DEFA786526535B7F003DAAEA /* LaunchScreen.storyboard */,
				DEFA786826535B7F003DAAEA /* Info.plist */,
				DEFA786926535B7F003DAAEA /* main.m */,
			);
			path = Kujirai;
			sourceTree = "<group>";
		};
/* End PBXGroup section */

/* Begin PBXNativeTarget section */
		DEFA785026535B7B003DAAEA /* Kujirai */ = {
			isa = PBXNativeTarget;
			buildConfigurationList = DEFA786D26535B7F003DAAEA /* Build configuration list for PBXNativeTarget "Kujirai" */;
			buildPhases = (
				DEFA784D26535B7B003DAAEA /* Sources */,
				DEFA784E26535B7B003DAAEA /* Frameworks */,
				DEFA784F26535B7B003DAAEA /* Resources */,
			);
			buildRules = (
			);
			dependencies = (
			);
			name = Kujirai;
			productName = Kujirai;
			productReference = DEFA785126535B7B003DAAEA /* Kujirai.app */;
			productType = "com.apple.product-type.application";
		};
/* End PBXNativeTarget section */

/* Begin PBXProject section */
		DEFA784926535B7B003DAAEA /* Project object */ = {
			isa = PBXProject;
			attributes = {
				LastUpgradeCheck = 1170;
				ORGANIZATIONNAME = "Saqeef Chaudhary";
				TargetAttributes = {
					DEFA785026535B7B003DAAEA = {
						CreatedOnToolsVersion = 11.7;
						DevelopmentTeam = 2PESXQFX32;
						ProvisioningStyle = Automatic;
					};
				};
			};
			buildConfigurationList = DEFA784C26535B7B003DAAEA /* Build configuration list for PBXProject "Kujirai" */;
			compatibilityVersion = "Xcode 6.3";
			developmentRegion = en;
			hasScannedForEncodings = 0;
			knownRegions = (
				en,
				Base,
			);
			mainGroup = DEFA784826535B7B003DAAEA;
			productRefGroup = DEFA785226535B7B003DAAEA /* Products */;
			projectDirPath = "";
			projectRoot = "";
			targets = (
				DEFA785026535B7B003DAAEA /* Kujirai */,
			);
		};
/* End PBXProject section */

/* Begin PBXResourcesBuildPhase section */
		DEFA784F26535B7B003DAAEA /* Resources */ = {
			isa = PBXResourcesBuildPhase;
			buildActionMask = 2147483647;
			files = (
				DEFA786726535B7F003DAAEA /* LaunchScreen.storyboard in Resources */,
				DEFA786426535B7F003DAAEA /* Assets.xcassets in Resources */,
				DEFA786226535B7B003DAAEA /* Main.storyboard in Resources */,
			);
			runOnlyForDeploymentPostprocessing = 0;
		};
/* End PBXResourcesBuildPhase section */

/* Begin PBXSourcesBuildPhase section */
		DEFA784D26535B7B003DAAEA /* Sources */ = {
			isa = PBXSourcesBuildPhase;
			buildActionMask = 2147483647;
			files = (
				DEFA786A26535B7F003DAAEA /* main.m in Sources */,
				DEFA785F26535B7B003DAAEA /* SecondViewController.m in Sources */,
				DEFA785626535B7B003DAAEA /* AppDelegate.m in Sources */,
				DEFA785C26535B7B003DAAEA /* FirstViewController.m in Sources */,
				DEFA785926535B7B003DAAEA /* SceneDelegate.m in Sources */,
			);
			runOnlyForDeploymentPostprocessing = 0;
		};
/* End PBXSourcesBuildPhase section */

/* Begin PBXVariantGroup section */
		DEFA786026535B7B003DAAEA /* Main.storyboard */ = {
			isa = PBXVariantGroup;
			children = (
				DEFA786126535B7B003DAAEA /* Base */,
			);
			name = Main.storyboard;
			sourceTree = "<group>";
		};
		DEFA786526535B7F003DAAEA /* LaunchScreen.storyboard */ = {
			isa = PBXVariantGroup;
			children = (
				DEFA786626535B7F003DAAEA /* Base */,
			);
			name = LaunchScreen.storyboard;
			sourceTree = "<group>";
		};
/* End PBXVariantGroup section */

/* Begin XCBuildConfiguration section */
		DEFA786B26535B7F003DAAEA /* Debug */ = {
			isa = XCBuildConfiguration;
			buildSettings = {
				ALWAYS_SEARCH_USER_PATHS = NO;
				CLANG_ANALYZER_NONNULL = YES;
				CLANG_ANALYZER_NUMBER_OBJECT_CONVERSION = YES_AGGRESSIVE;
				CLANG_CXX_LANGUAGE_STANDARD = "gnu++14";
				CLANG_CXX_LIBRARY = "libc++";
				CLANG_ENABLE_MODULES = YES;
				CLANG_ENABLE_OBJC_ARC = YES;
				CLANG_ENABLE_OBJC_WEAK = YES;
				CLANG_WARN_BLOCK_CAPTURE_AUTORELEASING = YES;
				CLANG_WARN_BOOL_CONVERSION = YES;
				CLANG_WARN_COMMA = YES;
				CLANG_WARN_CONSTANT_CONVERSION = YES;
				CLANG_WARN_DEPRECATED_OBJC_IMPLEMENTATIONS = YES;
				CLANG_WARN_DIRECT_OBJC_ISA_USAGE = YES_ERROR;
				CLANG_WARN_DOCUMENTATION_COMMENTS = YES;
				CLANG_WARN_EMPTY_BODY = YES;
				CLANG_WARN_ENUM_CONVERSION = YES;
				CLANG_WARN_INFINITE_RECURSION = YES;
				CLANG_WARN_INT_CONVERSION = YES;
				CLANG_WARN_NON_LITERAL_NULL_CONVERSION = YES;
				CLANG_WARN_OBJC_IMPLICIT_RETAIN_SELF = YES;
				CLANG_WARN_OBJC_LITERAL_CONVERSION = YES;
				CLANG_WARN_OBJC_ROOT_CLASS = YES_ERROR;
				CLANG_WARN_RANGE_LOOP_ANALYSIS = YES;
				CLANG_WARN_STRICT_PROTOTYPES = YES;
				CLANG_WARN_SUSPICIOUS_MOVE = YES;
				CLANG_WARN_UNGUARDED_AVAILABILITY = YES_AGGRESSIVE;
				CLANG_WARN_UNREACHABLE_CODE = YES;
				CLANG_WARN__DUPLICATE_METHOD_MATCH = YES;
				COPY_PHASE_STRIP = NO;
				DEBUG_INFORMATION_FORMAT = dwarf;
				ENABLE_STRICT_OBJC_MSGSEND = YES;
				ENABLE_TESTABILITY = YES;
				GCC_C_LANGUAGE_STANDARD = gnu11;
				GCC_DYNAMIC_NO_PIC = NO;
				GCC_NO_COMMON_BLOCKS = YES;
				GCC_OPTIMIZATION_LEVEL = 0;
				GCC_PREPROCESSOR_DEFINITIONS = (
					"DEBUG=1",
					"$(inherited)",
				);
				GCC_WARN_64_TO_32_BIT_CONVERSION = YES;
				GCC_WARN_ABOUT_RETURN_TYPE = YES_ERROR;
				GCC_WARN_UNDECLARED_SELECTOR = YES;
				GCC_WARN_UNINITIALIZED_AUTOS = YES_AGGRESSIVE;
				GCC_WARN_UNUSED_FUNCTION = YES;
				GCC_WARN_UNUSED_VARIABLE = YES;
				IPHONEOS_DEPLOYMENT_TARGET = 13.7;
				MTL_ENABLE_DEBUG_INFO = INCLUDE_SOURCE;
				MTL_FAST_MATH = YES;
				ONLY_ACTIVE_ARCH = YES;
				SDKROOT = iphoneos;
			};
			name = Debug;
		};
		DEFA786C26535B7F003DAAEA /* Release */ = {
			isa = XCBuildConfiguration;
			buildSettings = {
				ALWAYS_SEARCH_USER_PATHS = NO;
				CLANG_ANALYZER_NONNULL = YES;
				CLANG_ANALYZER_NUMBER_OBJECT_CONVERSION = YES_AGGRESSIVE;
				CLANG_CXX_LANGUAGE_STANDARD = "gnu++14";
				CLANG_CXX_LIBRARY = "libc++";
				CLANG_ENABLE_MODULES = YES;
				CLANG_ENABLE_OBJC_ARC = YES;
				CLANG_ENABLE_OBJC_WEAK = YES;
				CLANG_WARN_BLOCK_CAPTURE_AUTORELEASING = YES;
				CLANG_WARN_BOOL_CONVERSION = YES;
				CLANG_WARN_COMMA = YES;
				CLANG_WARN_CONSTANT_CONVERSION = YES;
				CLANG_WARN_DEPRECATED_OBJC_IMPLEMENTATIONS = YES;
				CLANG_WARN_DIRECT_OBJC_ISA_USAGE = YES_ERROR;
				CLANG_WARN_DOCUMENTATION_COMMENTS = YES;
				CLANG_WARN_EMPTY_BODY = YES;
				CLANG_WARN_ENUM_CONVERSION = YES;
				CLANG_WARN_INFINITE_RECURSION = YES;
				CLANG_WARN_INT_CONVERSION = YES;
				CLANG_WARN_NON_LITERAL_NULL_CONVERSION = YES;
				CLANG_WARN_OBJC_IMPLICIT_RETAIN_SELF = YES;
				CLANG_WARN_OBJC_LITERAL_CONVERSION = YES;
				CLANG_WARN_OBJC_ROOT_CLASS = YES_ERROR;
				CLANG_WARN_RANGE_LOOP_ANALYSIS = YES;
				CLANG_WARN_STRICT_PROTOTYPES = YES;
				CLANG_WARN_SUSPICIOUS_MOVE = YES;
				CLANG_WARN_UNGUARDED_AVAILABILITY = YES_AGGRESSIVE;
				CLANG_WARN_UNREACHABLE_CODE = YES;
				CLANG_WARN__DUPLICATE_METHOD_MATCH = YES;
				COPY_PHASE_STRIP = NO;
				DEBUG_INFORMATION_FORMAT = "dwarf-with-dsym";
				ENABLE_NS_ASSERTIONS = NO;
				ENABLE_STRICT_OBJC_MSGSEND = YES;
				GCC_C_LANGUAGE_STANDARD = gnu11;
				GCC_NO_COMMON_BLOCKS = YES;
				GCC_WARN_64_TO_32_BIT_CONVERSION = YES;
				GCC_WARN_ABOUT_RETURN_TYPE = YES_ERROR;
				GCC_WARN_UNDECLARED_SELECTOR = YES;
				GCC_WARN_UNINITIALIZED_AUTOS = YES_AGGRESSIVE;
				GCC_WARN_UNUSED_FUNCTION = YES;
				GCC_WARN_UNUSED_VARIABLE = YES;
				IPHONEOS_DEPLOYMENT_TARGET = 13.7;
				MTL_ENABLE_DEBUG_INFO = NO;
				MTL_FAST_MATH = YES;
				SDKROOT = iphoneos;
				VALIDATE_PRODUCT = YES;
			};
			name = Release;
		};
		DEFA786E26535B7F003DAAEA /* Debug */ = {
			isa = XCBuildConfiguration;
			buildSettings = {
				ASSETCATALOG_COMPILER_APPICON_NAME = AppIcon;
				CODE_SIGN_STYLE = Automatic;
				DEVELOPMENT_TEAM = 2PESXQFX32;
				INFOPLIST_FILE = Kujirai/Info.plist;
				IPHONEOS_DEPLOYMENT_TARGET = 8.4;
				LD_RUNPATH_SEARCH_PATHS = "$(inherited) @executable_path/Frameworks";
				PRODUCT_BUNDLE_IDENTIFIER = com.saq1610.Kujirai;
				PRODUCT_NAME = "$(TARGET_NAME)";
				TARGETED_DEVICE_FAMILY = "1,2";
			};
			name = Debug;
		};
		DEFA786F26535B7F003DAAEA /* Release */ = {
			isa = XCBuildConfiguration;
			buildSettings = {
				ASSETCATALOG_COMPILER_APPICON_NAME = AppIcon;
				CODE_SIGN_STYLE = Automatic;
				DEVELOPMENT_TEAM = 2PESXQFX32;
				INFOPLIST_FILE = Kujirai/Info.plist;
				IPHONEOS_DEPLOYMENT_TARGET = 8.4;
				LD_RUNPATH_SEARCH_PATHS = "$(inherited) @executable_path/Frameworks";
				PRODUCT_BUNDLE_IDENTIFIER = com.saq1610.Kujirai;
				PRODUCT_NAME = "$(TARGET_NAME)";
				TARGETED_DEVICE_FAMILY = "1,2";
			};
			name = Release;
		};
/* End XCBuildConfiguration section */

/* Begin XCConfigurationList section */
		DEFA784C26535B7B003DAAEA /* Build configuration list for PBXProject "Kujirai" */ = {
			isa = XCConfigurationList;
			buildConfigurations = (
				DEFA786B26535B7F003DAAEA /* Debug */,
				DEFA786C26535B7F003DAAEA /* Release */,
			);
			defaultConfigurationIsVisible = 0;
			defaultConfigurationName = Release;
		};
		DEFA786D26535B7F003DAAEA /* Build configuration list for PBXNativeTarget "Kujirai" */ = {
			isa = XCConfigurationList;
			buildConfigurations = (
				DEFA786E26535B7F003DAAEA /* Debug */,
				DEFA786F26535B7F003DAAEA /* Release */,
			);
			defaultConfigurationIsVisible = 0;
			defaultConfigurationName = Release;
		};
/* End XCConfigurationList section */
	};
	rootObject = DEFA784926535B7B003DAAEA /* Project object */;
}
